<?xml version="1.0" encoding="UTF-8"?>
<Scheme
   LastUpgradeVersion = "2610"
   version = "1.7">
   <BuildAction
      parallelizeBuildables = "YES"
      buildImplicitDependencies = "YES"
      buildArchitectures = "Automatic">
      <BuildActionEntries>
         <BuildActionEntry
            buildForTesting = "YES"
            buildForRunning = "YES"
            buildForProfiling = "YES"
            buildForArchiving = "YES"
            buildForAnalyzing = "YES">
            <BuildableReference
               BuildableIdentifier = "primary"
               BlueprintIdentifier = "79A76AE92E8A9A96003437BE"
               BuildableName = "TravelLog.app"
               BlueprintName = "TravelLog"
               ReferencedContainer = "container:TravelLog.xcodeproj">
            </BuildableReference>
         </BuildActionEntry>
      </BuildActionEntries>
   </BuildAction>
   <TestAction
      buildConfiguration = "Debug"
      selectedDebuggerIdentifier = "Xcode.DebuggerFoundation.Debugger.LLDB"
      selectedLauncherIdentifier = "Xcode.DebuggerFoundation.Launcher.LLDB"
      shouldUseLaunchSchemeArgsEnv = "YES"
      shouldAutocreateTestPlan = "YES">
      <Testables>
         <TestableReference
            skipped = "YES"
            parallelizable = "YES">
            <BuildableReference
               BuildableIdentifier = "primary"
               BlueprintIdentifier = "794A98032EE9259C0091404A"
               BuildableName = "TravelLogUITests.xctest"
               BlueprintName = "TravelLogUITests"
               ReferencedContainer = "container:TravelLog.xcodeproj">
            </BuildableReference>
         </TestableReference>
         <TestableReference
            skipped = "NO"
            parallelizable = "YES">
            <BuildableReference
               BuildableIdentifier = "primary"
               BlueprintIdentifier = "7994A41C2EE91886000E7835"
               BuildableName = "TravelLogTests.xctest"
               BlueprintName = "TravelLogTests"
               ReferencedContainer = "container:TravelLog.xcodeproj">
            </BuildableReference>
         </TestableReference>
      </Testables>
   </TestAction>
   <LaunchAction
      buildConfiguration = "Debug"
      selectedDebuggerIdentifier = "Xcode.DebuggerFoundation.Debugger.LLDB"
      selectedLauncherIdentifier = "Xcode.DebuggerFoundation.Launcher.LLDB"
      launchStyle = "0"
      useCustomWorkingDirectory = "NO"
      ignoresPersistentStateOnLaunch = "NO"
      debugDocumentVersioning = "YES"
      debugServiceExtension = "internal"
      allowLocationSimulation = "YES">
      <BuildableProductRunnable
         runnableDebuggingMode = "0">
         <BuildableReference
            BuildableIdentifier = "primary"
            BlueprintIdentifier = "79A76AE92E8A9A96003437BE"
            BuildableName = "TravelLog.app"
            BlueprintName = "TravelLog"
            ReferencedContainer = "container:TravelLog.xcodeproj">
         </BuildableReference>
      </BuildableProductRunnable>
      <CommandLineArguments>
         <CommandLineArgument
            argument = "-LinkPreviewVisualTest"
            isEnabled = "YES">
         </CommandLineArgument>
         <CommandLineArgument
            argument = "-PhotoPickerCacheMode"
            isEnabled = "YES">
         </CommandLineArgument>
         <CommandLineArgument
            argument = "lru"
            isEnabled = "YES">
         </CommandLineArgument>
         <CommandLineArgument
            argument = "-PhotoPickerCacheCountLimit"
            isEnabled = "YES">
         </CommandLineArgument>
         <CommandLineArgument
            argument = "120"
            isEnabled = "YES">
         </CommandLineArgument>
         <CommandLineArgument
            argument = "-PhotoPickerCacheCostLimitMB"
            isEnabled = "YES">
         </CommandLineArgument>
         <CommandLineArgument
            argument = "80"
            isEnabled = "YES">
         </CommandLineArgument>
      </CommandLineArguments>
   </LaunchAction>
   <ProfileAction
      buildConfiguration = "Release"
      shouldUseLaunchSchemeArgsEnv = "YES"
      savedToolIdentifier = ""
      useCustomWorkingDirectory = "NO"
      debugDocumentVersioning = "YES">
      <BuildableProductRunnable
         runnableDebuggingMode = "0">
         <BuildableReference
            BuildableIdentifier = "primary"
            BlueprintIdentifier = "79A76AE92E8A9A96003437BE"
            BuildableName = "TravelLog.app"
            BlueprintName = "TravelLog"
            ReferencedContainer = "container:TravelLog.xcodeproj">
         </BuildableReference>
      </BuildableProductRunnable>
   </ProfileAction>
   <AnalyzeAction
      buildConfiguration = "Debug">
   </AnalyzeAction>
   <ArchiveAction
      buildConfiguration = "Release"
      revealArchiveInOrganizer = "YES">
   </ArchiveAction>
</Scheme>
